
Microsoft Visual Studio Solution File, Format Version 12.00
# Visual Studio 15
VisualStudioVersion = 15.0.27130.2010
MinimumVisualStudioVersion = 10.0.40219.1
Project("{E24C65DC-7377-472B-9ABA-BC803B73C61A}") = "s2n", "s2n\", "{65C5C544-BC40-4F0F-B3BF-04B0DD541935}"
	ProjectSection(WebsiteProperties) = preProject
		TargetFrameworkMoniker = ".NETFramework,Version%3Dv4.6.1"
		Debug.AspNetCompiler.VirtualPath = "/localhost_52226"
		Debug.AspNetCompiler.PhysicalPath = "s2n\"
		Debug.AspNetCompiler.TargetPath = "PrecompiledWeb\localhost_52226\"
		Debug.AspNetCompiler.Updateable = "true"
		Debug.AspNetCompiler.ForceOverwrite = "true"
		Debug.AspNetCompiler.FixedNames = "false"
		Debug.AspNetCompiler.Debug = "True"
		Release.AspNetCompiler.VirtualPath = "/localhost_52226"
		Release.AspNetCompiler.PhysicalPath = "s2n\"
		Release.AspNetCompiler.TargetPath = "PrecompiledWeb\localhost_52226\"
		Release.AspNetCompiler.Updateable = "true"
		Release.AspNetCompiler.ForceOverwrite = "true"
		Release.AspNetCompiler.FixedNames = "false"
		Release.AspNetCompiler.Debug = "False"
		VWDPort = "52226"
		SlnRelativePath = "s2n\"
		DefaultWebSiteLanguage = "Visual C#"
	EndProjectSection
EndProject
Global
	GlobalSection(SolutionConfigurationPlatforms) = preSolution
		Debug|Any CPU = Debug|Any CPU
	EndGlobalSection
	GlobalSection(ProjectConfigurationPlatforms) = postSolution
		{65C5C544-BC40-4F0F-B3BF-04B0DD541935}.Debug|Any CPU.ActiveCfg = Debug|Any CPU
		{65C5C544-BC40-4F0F-B3BF-04B0DD541935}.Debug|Any CPU.Build.0 = Debug|Any CPU
	EndGlobalSection
	GlobalSection(SolutionProperties) = preSolution
		HideSolutionNode = FALSE
	EndGlobalSection
	GlobalSection(ExtensibilityGlobals) = postSolution
		SolutionGuid = {F9365FD2-3971-49B8-A299-CD02C02D3991}
	EndGlobalSection
EndGlobal
